
Microsoft Visual Studio Solution File, Format Version 12.00
# Visual Studio Version 17
VisualStudioVersion = 17.10.35013.160
MinimumVisualStudioVersion = 10.0.40219.1
Project("{FAE04EC0-301F-11D3-BF4B-00C04F79EFBC}") = "Form SIO SQL", "Form SIO SQL\Form SIO SQL.csproj", "{CE06360F-7C1F-4CD6-8987-3566328C807E}"
EndProject
Global
	GlobalSection(SolutionConfigurationPlatforms) = preSolution
		Debug|Any CPU = Debug|Any CPU
		Release|Any CPU = Release|Any CPU
	EndGlobalSection
	GlobalSection(ProjectConfigurationPlatforms) = postSolution
		{CE06360F-7C1F-4CD6-8987-3566328C807E}.Debug|Any CPU.ActiveCfg = Debug|Any CPU
		{CE06360F-7C1F-4CD6-8987-3566328C807E}.Debug|Any CPU.Build.0 = Debug|Any CPU
		{CE06360F-7C1F-4CD6-8987-3566328C807E}.Release|Any CPU.ActiveCfg = Release|Any CPU
		{CE06360F-7C1F-4CD6-8987-3566328C807E}.Release|Any CPU.Build.0 = Release|Any CPU
	EndGlobalSection
	GlobalSection(SolutionProperties) = preSolution
		HideSolutionNode = FALSE
	EndGlobalSection
	GlobalSection(ExtensibilityGlobals) = postSolution
		SolutionGuid = {98A74B41-ED1D-4312-A269-C65F333EDFB4}
	EndGlobalSection
EndGlobal
